
Microsoft Visual Studio Solution File, Format Version 12.00
# Visual Studio 14
VisualStudioVersion = 14.0.25123.0
MinimumVisualStudioVersion = 10.0.40219.1
Project("{FAE04EC0-301F-11D3-BF4B-00C04F79EFBC}") = "CapaDeNegocios", "CapaDeNegocios\CapaDeNegocios.csproj", "{6164324A-2260-4566-A8AC-15DB34B98549}"
EndProject
Project("{FAE04EC0-301F-11D3-BF4B-00C04F79EFBC}") = "CapaEntities", "CapaEntities\CapaEntities.csproj", "{8751729E-E7E3-4E6F-9C7D-FEC2FBB57DEA}"
EndProject
Project("{FAE04EC0-301F-11D3-BF4B-00C04F79EFBC}") = "CapaPresentacion", "CapaPresentacion\CapaPresentacion.csproj", "{B78F9AF5-EB9C-4939-AEDF-CD7749CA4041}"
EndProject
Project("{FAE04EC0-301F-11D3-BF4B-00C04F79EFBC}") = "CapaDeDatos", "CapaDeDatos\CapaDeDatos.csproj", "{E1A9E3C2-5277-4FDE-A67B-5B48258EA621}"
EndProject
Global
	GlobalSection(SolutionConfigurationPlatforms) = preSolution
		Debug|Any CPU = Debug|Any CPU
		Release|Any CPU = Release|Any CPU
	EndGlobalSection
	GlobalSection(ProjectConfigurationPlatforms) = postSolution
		{6164324A-2260-4566-A8AC-15DB34B98549}.Debug|Any CPU.ActiveCfg = Debug|Any CPU
		{6164324A-2260-4566-A8AC-15DB34B98549}.Debug|Any CPU.Build.0 = Debug|Any CPU
		{6164324A-2260-4566-A8AC-15DB34B98549}.Release|Any CPU.ActiveCfg = Release|Any CPU
		{6164324A-2260-4566-A8AC-15DB34B98549}.Release|Any CPU.Build.0 = Release|Any CPU
		{8751729E-E7E3-4E6F-9C7D-FEC2FBB57DEA}.Debug|Any CPU.ActiveCfg = Debug|Any CPU
		{8751729E-E7E3-4E6F-9C7D-FEC2FBB57DEA}.Debug|Any CPU.Build.0 = Debug|Any CPU
		{8751729E-E7E3-4E6F-9C7D-FEC2FBB57DEA}.Release|Any CPU.ActiveCfg = Release|Any CPU
		{8751729E-E7E3-4E6F-9C7D-FEC2FBB57DEA}.Release|Any CPU.Build.0 = Release|Any CPU
		{B78F9AF5-EB9C-4939-AEDF-CD7749CA4041}.Debug|Any CPU.ActiveCfg = Debug|Any CPU
		{B78F9AF5-EB9C-4939-AEDF-CD7749CA4041}.Debug|Any CPU.Build.0 = Debug|Any CPU
		{B78F9AF5-EB9C-4939-AEDF-CD7749CA4041}.Release|Any CPU.ActiveCfg = Release|Any CPU
		{B78F9AF5-EB9C-4939-AEDF-CD7749CA4041}.Release|Any CPU.Build.0 = Release|Any CPU
		{E1A9E3C2-5277-4FDE-A67B-5B48258EA621}.Debug|Any CPU.ActiveCfg = Debug|Any CPU
		{E1A9E3C2-5277-4FDE-A67B-5B48258EA621}.Debug|Any CPU.Build.0 = Debug|Any CPU
		{E1A9E3C2-5277-4FDE-A67B-5B48258EA621}.Release|Any CPU.ActiveCfg = Release|Any CPU
		{E1A9E3C2-5277-4FDE-A67B-5B48258EA621}.Release|Any CPU.Build.0 = Release|Any CPU
	EndGlobalSection
	GlobalSection(SolutionProperties) = preSolution
		HideSolutionNode = FALSE
	EndGlobalSection
EndGlobal
